<Solution>
  <Folder Name="/docs/" />
  <Folder Name="/docs/specs/">
    <File Path="docs/specs/spec-draft-v1.md" />
    <File Path="docs/specs/spec-draft-v2.md" />
  </Folder>
  <Folder Name="/solution/">
    <File Path="Directory.Build.props" />
    <File Path=".editorconfig" />
    <File Path="global.json" />
    <File Path="README.md" />
    <File Path="CLAUDE.md" />
  </Folder>
  <Folder Name="/src/">
    <Project Path="src/FileManager.Core/FileManager.Core.csproj" />
    <Project Path="src/FileManager.Contracts/FileManager.Contracts.csproj" />
    <Project Path="src/FileManager.Service/FileManager.Service.csproj" />
    <Project Path="src/FileManager.Shell/FileManager.Shell.csproj" />
    <Project Path="src/FileManager.Gui/FileManager.Gui.csproj" />
  </Folder>
  <Folder Name="/tests/">
    <Project Path="tests/FileManager.Core.Tests/FileManager.Core.Tests.csproj" />
    <Project Path="tests/FileManager.Service.Tests/FileManager.Service.Tests.csproj" />
    <Project Path="tests/FileManager.Gui.Tests/FileManager.Gui.Tests.csproj" />
    <Project Path="tests/FileManager.Shell.Tests/FileManager.Shell.Tests.csproj" />
    <Project Path="tests/FileManager.TestStub/FileManager.TestStub.csproj" />
  </Folder>
</Solution>
